
Microsoft Visual Studio Solution File, Format Version 12.00
# Visual Studio Version 17
VisualStudioVersion = 17.0.32002.185
MinimumVisualStudioVersion = 10.0.40219.1
Project("{FAE04EC0-301F-11D3-BF4B-00C04F79EFBC}") = "NickvisionSpotlight", "NickvisionSpotlight\NickvisionSpotlight.csproj", "{479E8F4E-CAB8-4DF9-9A57-CDDF70196BC7}"
EndProject
Global
	GlobalSection(SolutionConfigurationPlatforms) = preSolution
		Debug|Any CPU = Debug|Any CPU
		Release|Any CPU = Release|Any CPU
	EndGlobalSection
	GlobalSection(ProjectConfigurationPlatforms) = postSolution
		{479E8F4E-CAB8-4DF9-9A57-CDDF70196BC7}.Debug|Any CPU.ActiveCfg = Debug|Any CPU
		{479E8F4E-CAB8-4DF9-9A57-CDDF70196BC7}.Debug|Any CPU.Build.0 = Debug|Any CPU
		{479E8F4E-CAB8-4DF9-9A57-CDDF70196BC7}.Release|Any CPU.ActiveCfg = Release|Any CPU
		{479E8F4E-CAB8-4DF9-9A57-CDDF70196BC7}.Release|Any CPU.Build.0 = Release|Any CPU
	EndGlobalSection
	GlobalSection(SolutionProperties) = preSolution
		HideSolutionNode = FALSE
	EndGlobalSection
	GlobalSection(ExtensibilityGlobals) = postSolution
		SolutionGuid = {07A1E6C9-A0A0-4A10-933D-5062024A2BF8}
	EndGlobalSection
EndGlobal
